version = 1
revision = 2
requires-python = ">=3.13"

[[package]]
name = "annotated-types"
version = "0.7.0"
source = { registry = "https://pypi.org/simple" }
sdist = { url = "https://files.pythonhosted.org/packages/ee/67/531ea369ba64dcff5ec9c3402f9f51bf748cec26dde048a2f973a4eea7f5/annotated_types-0.7.0.tar.gz", hash = "sha256:aff07c09a53a08bc8cfccb9c85b05f1aa9a2a6f23728d790723543408344ce89", size = 16081, upload-time = "2024-05-20T21:33:25.928Z" }
wheels = [
    { url = "https://files.pythonhosted.org/packages/78/b6/6307fbef88d9b5ee7421e68d78a9f162e0da4900bc5f5793f6d3d0e34fb8/annotated_types-0.7.0-py3-none-any.whl", hash = "sha256:1f02e8b43a8fbbc3f3e0d4f0f4bfc8131bcb4eebe8849b8e5c773f3a1c582a53", size = 13643, upload-time = "2024-05-20T21:33:24.1Z" },
]

[[package]]
name = "anyio"
version = "4.10.0"
source = { registry = "https://pypi.org/simple" }
dependencies = [
    { name = "idna" },
    { name = "sniffio" },
]
sdist = { url = "https://files.pythonhosted.org/packages/f1/b4/636b3b65173d3ce9a38ef5f0522789614e590dab6a8d505340a4efe4c567/anyio-4.10.0.tar.gz", hash = "sha256:3f3fae35c96039744587aa5b8371e7e8e603c0702999535961dd336026973ba6", size = 213252, upload-time = "2025-08-04T08:54:26.451Z" }
wheels = [
    { url = "https://files.pythonhosted.org/packages/6f/12/e5e0282d673bb9746bacfb6e2dba8719989d3660cdb2ea79aee9a9651afb/anyio-4.10.0-py3-none-any.whl", hash = "sha256:60e474ac86736bbfd6f210f7a61218939c318f43f9972497381f1c5e930ed3d1", size = 107213, upload-time = "2025-08-04T08:54:24.882Z" },
]

[[package]]
name = "certifi"
version = "2025.8.3"
source = { registry = "https://pypi.org/simple" }
sdist = { url = "https://files.pythonhosted.org/packages/dc/67/960ebe6bf230a96cda2e0abcf73af550ec4f090005363542f0765df162e0/certifi-2025.8.3.tar.gz", hash = "sha256:e564105f78ded564e3ae7c923924435e1daa7463faeab5bb932bc53ffae63407", size = 162386, upload-time = "2025-08-03T03:07:47.08Z" }
wheels = [
    { url = "https://files.pythonhosted.org/packages/e5/48/1549795ba7742c948d2ad169c1c8cdbae65bc450d6cd753d124b17c8cd32/certifi-2025.8.3-py3-none-any.whl", hash = "sha256:f6c12493cfb1b06ba2ff328595af9350c65d6644968e5d3a2ffd78699af217a5", size = 161216, upload-time = "2025-08-03T03:07:45.777Z" },
]

[[package]]
name = "click"
version = "8.2.1"
source = { registry = "https://pypi.org/simple" }
dependencies = [
    { name = "colorama", marker = "sys_platform == 'win32'" },
]
sdist = { url = "https://files.pythonhosted.org/packages/60/6c/8ca2efa64cf75a977a0d7fac081354553ebe483345c734fb6b6515d96bbc/click-8.2.1.tar.gz", hash = "sha256:27c491cc05d968d271d5a1db13e3b5a184636d9d930f148c50b038f0d0646202", size = 286342, upload-time = "2025-05-20T23:19:49.832Z" }
wheels = [
    { url = "https://files.pythonhosted.org/packages/85/32/10bb5764d90a8eee674e9dc6f4db6a0ab47c8c4d0d83c27f7c39ac415a4d/click-8.2.1-py3-none-any.whl", hash = "sha256:61a3265b914e850b85317d0b3109c7f8cd35a670f963866005d6ef1d5175a12b", size = 102215, upload-time = "2025-05-20T23:19:47.796Z" },
]

[[package]]
name = "colorama"
version = "0.4.6"
source = { registry = "https://pypi.org/simple" }
sdist = { url = "https://files.pythonhosted.org/packages/d8/53/6f443c9a4a8358a93a6792e2acffb9d9d5cb0a5cfd8802644b7b1c9a02e4/colorama-0.4.6.tar.gz", hash = "sha256:08695f5cb7ed6e0531a20572697297273c47b8cae5a63ffc6d6ed5c201be6e44", size = 27697, upload-time = "2022-10-25T02:36:22.414Z" }
wheels = [
    { url = "https://files.pythonhosted.org/packages/d1/d6/3965ed04c63042e047cb6a3e6ed1a63a35087b6a609aa3a15ed8ac56c221/colorama-0.4.6-py2.py3-none-any.whl", hash = "sha256:4f1d9991f5acc0ca119f9d443620b77f9d6b33703e51011c16baf57afb285fc6", size = 25335, upload-time = "2022-10-25T02:36:20.889Z" },
]

[[package]]
name = "coverage"
version = "7.10.2"
source = { registry = "https://pypi.org/simple" }
sdist = { url = "https://files.pythonhosted.org/packages/ee/76/17780846fc7aade1e66712e1e27dd28faa0a5d987a1f433610974959eaa8/coverage-7.10.2.tar.gz", hash = "sha256:5d6e6d84e6dd31a8ded64759626627247d676a23c1b892e1326f7c55c8d61055", size = 820754, upload-time = "2025-08-04T00:35:17.511Z" }
wheels = [
    { url = "https://files.pythonhosted.org/packages/8d/04/9b7a741557f93c0ed791b854d27aa8d9fe0b0ce7bb7c52ca1b0f2619cb74/coverage-7.10.2-cp313-cp313-macosx_10_13_x86_64.whl", hash = "sha256:aca7b5645afa688de6d4f8e89d30c577f62956fefb1bad021490d63173874186", size = 215337, upload-time = "2025-08-04T00:33:50.61Z" },
    { url = "https://files.pythonhosted.org/packages/02/a4/8d1088cd644750c94bc305d3cf56082b4cdf7fb854a25abb23359e74892f/coverage-7.10.2-cp313-cp313-macosx_11_0_arm64.whl", hash = "sha256:96e5921342574a14303dfdb73de0019e1ac041c863743c8fe1aa6c2b4a257226", size = 215596, upload-time = "2025-08-04T00:33:52.33Z" },
    { url = "https://files.pythonhosted.org/packages/01/2f/643a8d73343f70e162d8177a3972b76e306b96239026bc0c12cfde4f7c7a/coverage-7.10.2-cp313-cp313-manylinux1_i686.manylinux_2_28_i686.manylinux_2_5_i686.whl", hash = "sha256:11333094c1bff621aa811b67ed794865cbcaa99984dedea4bd9cf780ad64ecba", size = 246145, upload-time = "2025-08-04T00:33:53.641Z" },
    { url = "https://files.pythonhosted.org/packages/1f/4a/722098d1848db4072cda71b69ede1e55730d9063bf868375264d0d302bc9/coverage-7.10.2-cp313-cp313-manylinux1_x86_64.manylinux_2_28_x86_64.manylinux_2_5_x86_64.whl", hash = "sha256:6eb586fa7d2aee8d65d5ae1dd71414020b2f447435c57ee8de8abea0a77d5074", size = 248492, upload-time = "2025-08-04T00:33:55.366Z" },
    { url = "https://files.pythonhosted.org/packages/3f/b0/8a6d7f326f6e3e6ed398cde27f9055e860a1e858317001835c521673fb60/coverage-7.10.2-cp313-cp313-manylinux2014_aarch64.manylinux_2_17_aarch64.manylinux_2_28_aarch64.whl", hash = "sha256:2d358f259d8019d4ef25d8c5b78aca4c7af25e28bd4231312911c22a0e824a57", size = 249927, upload-time = "2025-08-04T00:33:57.042Z" },
    { url = "https://files.pythonhosted.org/packages/bb/21/1aaadd3197b54d1e61794475379ecd0f68d8fc5c2ebd352964dc6f698a3d/coverage-7.10.2-cp313-cp313-musllinux_1_2_aarch64.whl", hash = "sha256:5250bda76e30382e0a2dcd68d961afcab92c3a7613606e6269855c6979a1b0bb", size = 248138, upload-time = "2025-08-04T00:33:58.329Z" },
    { url = "https://files.pythonhosted.org/packages/48/65/be75bafb2bdd22fd8bf9bf63cd5873b91bb26ec0d68f02d4b8b09c02decb/coverage-7.10.2-cp313-cp313-musllinux_1_2_i686.whl", hash = "sha256:a91e027d66eff214d88d9afbe528e21c9ef1ecdf4956c46e366c50f3094696d0", size = 246111, upload-time = "2025-08-04T00:33:59.899Z" },
    { url = "https://files.pythonhosted.org/packages/5e/30/a4f0c5e249c3cc60e6c6f30d8368e372f2d380eda40e0434c192ac27ccf5/coverage-7.10.2-cp313-cp313-musllinux_1_2_x86_64.whl", hash = "sha256:228946da741558904e2c03ce870ba5efd9cd6e48cbc004d9a27abee08100a15a", size = 247493, upload-time = "2025-08-04T00:34:01.619Z" },
    { url = "https://files.pythonhosted.org/packages/85/99/f09b9493e44a75cf99ca834394c12f8cb70da6c1711ee296534f97b52729/coverage-7.10.2-cp313-cp313-win32.whl", hash = "sha256:95e23987b52d02e7c413bf2d6dc6288bd5721beb518052109a13bfdc62c8033b", size = 217756, upload-time = "2025-08-04T00:34:03.277Z" },
    { url = "https://files.pythonhosted.org/packages/2d/bb/cbcb09103be330c7d26ff0ab05c4a8861dd2e254656fdbd3eb7600af4336/coverage-7.10.2-cp313-cp313-win_amd64.whl", hash = "sha256:f35481d42c6d146d48ec92d4e239c23f97b53a3f1fbd2302e7c64336f28641fe", size = 218526, upload-time = "2025-08-04T00:34:04.635Z" },
    { url = "https://files.pythonhosted.org/packages/37/8f/8bfb4e0bca52c00ab680767c0dd8cfd928a2a72d69897d9b2d5d8b5f63f5/coverage-7.10.2-cp313-cp313-win_arm64.whl", hash = "sha256:65b451949cb789c346f9f9002441fc934d8ccedcc9ec09daabc2139ad13853f7", size = 217176, upload-time = "2025-08-04T00:34:05.973Z" },
    { url = "https://files.pythonhosted.org/packages/1e/25/d458ba0bf16a8204a88d74dbb7ec5520f29937ffcbbc12371f931c11efd2/coverage-7.10.2-cp313-cp313t-macosx_10_13_x86_64.whl", hash = "sha256:e8415918856a3e7d57a4e0ad94651b761317de459eb74d34cc1bb51aad80f07e", size = 216058, upload-time = "2025-08-04T00:34:07.368Z" },
    { url = "https://files.pythonhosted.org/packages/0b/1c/af4dfd2d7244dc7610fed6d59d57a23ea165681cd764445dc58d71ed01a6/coverage-7.10.2-cp313-cp313t-macosx_11_0_arm64.whl", hash = "sha256:f287a25a8ca53901c613498e4a40885b19361a2fe8fbfdbb7f8ef2cad2a23f03", size = 216273, upload-time = "2025-08-04T00:34:09.073Z" },
    { url = "https://files.pythonhosted.org/packages/8e/67/ec5095d4035c6e16368226fa9cb15f77f891194c7e3725aeefd08e7a3e5a/coverage-7.10.2-cp313-cp313t-manylinux1_i686.manylinux_2_28_i686.manylinux_2_5_i686.whl", hash = "sha256:75cc1a3f8c88c69bf16a871dab1fe5a7303fdb1e9f285f204b60f1ee539b8fc0", size = 257513, upload-time = "2025-08-04T00:34:10.403Z" },
    { url = "https://files.pythonhosted.org/packages/1c/47/be5550b57a3a8ba797de4236b0fd31031f88397b2afc84ab3c2d4cf265f6/coverage-7.10.2-cp313-cp313t-manylinux1_x86_64.manylinux_2_28_x86_64.manylinux_2_5_x86_64.whl", hash = "sha256:ca07fa78cc9d26bc8c4740de1abd3489cf9c47cc06d9a8ab3d552ff5101af4c0", size = 259377, upload-time = "2025-08-04T00:34:12.138Z" },
    { url = "https://files.pythonhosted.org/packages/37/50/b12a4da1382e672305c2d17cd3029dc16b8a0470de2191dbf26b91431378/coverage-7.10.2-cp313-cp313t-manylinux2014_aarch64.manylinux_2_17_aarch64.manylinux_2_28_aarch64.whl", hash = "sha256:c2e117e64c26300032755d4520cd769f2623cde1a1d1c3515b05a3b8add0ade1", size = 261516, upload-time = "2025-08-04T00:34:13.608Z" },
    { url = "https://files.pythonhosted.org/packages/db/41/4d3296dbd33dd8da178171540ca3391af7c0184c0870fd4d4574ac290290/coverage-7.10.2-cp313-cp313t-musllinux_1_2_aarch64.whl", hash = "sha256:daaf98009977f577b71f8800208f4d40d4dcf5c2db53d4d822787cdc198d76e1", size = 259110, upload-time = "2025-08-04T00:34:15.089Z" },
    { url = "https://files.pythonhosted.org/packages/ea/f1/b409959ecbc0cec0e61e65683b22bacaa4a3b11512f834e16dd8ffbc37db/coverage-7.10.2-cp313-cp313t-musllinux_1_2_i686.whl", hash = "sha256:ea8d8fe546c528535c761ba424410bbeb36ba8a0f24be653e94b70c93fd8a8ca", size = 257248, upload-time = "2025-08-04T00:34:16.501Z" },
    { url = "https://files.pythonhosted.org/packages/48/ab/7076dc1c240412e9267d36ec93e9e299d7659f6a5c1e958f87e998b0fb6d/coverage-7.10.2-cp313-cp313t-musllinux_1_2_x86_64.whl", hash = "sha256:fe024d40ac31eb8d5aae70215b41dafa264676caa4404ae155f77d2fa95c37bb", size = 258063, upload-time = "2025-08-04T00:34:18.338Z" },
    { url = "https://files.pythonhosted.org/packages/1e/77/f6b51a0288f8f5f7dcc7c89abdd22cf514f3bc5151284f5cd628917f8e10/coverage-7.10.2-cp313-cp313t-win32.whl", hash = "sha256:8f34b09f68bdadec122ffad312154eda965ade433559cc1eadd96cca3de5c824", size = 218433, upload-time = "2025-08-04T00:34:19.71Z" },
    { url = "https://files.pythonhosted.org/packages/7b/6d/547a86493e25270ce8481543e77f3a0aa3aa872c1374246b7b76273d66eb/coverage-7.10.2-cp313-cp313t-win_amd64.whl", hash = "sha256:71d40b3ac0f26fa9ffa6ee16219a714fed5c6ec197cdcd2018904ab5e75bcfa3", size = 219523, upload-time = "2025-08-04T00:34:21.171Z" },
    { url = "https://files.pythonhosted.org/packages/ff/d5/3c711e38eaf9ab587edc9bed232c0298aed84e751a9f54aaa556ceaf7da6/coverage-7.10.2-cp313-cp313t-win_arm64.whl", hash = "sha256:abb57fdd38bf6f7dcc66b38dafb7af7c5fdc31ac6029ce373a6f7f5331d6f60f", size = 217739, upload-time = "2025-08-04T00:34:22.514Z" },
    { url = "https://files.pythonhosted.org/packages/71/53/83bafa669bb9d06d4c8c6a055d8d05677216f9480c4698fb183ba7ec5e47/coverage-7.10.2-cp314-cp314-macosx_10_13_x86_64.whl", hash = "sha256:a3e853cc04987c85ec410905667eed4bf08b1d84d80dfab2684bb250ac8da4f6", size = 215328, upload-time = "2025-08-04T00:34:23.991Z" },
    { url = "https://files.pythonhosted.org/packages/1d/6c/30827a9c5a48a813e865fbaf91e2db25cce990bd223a022650ef2293fe11/coverage-7.10.2-cp314-cp314-macosx_11_0_arm64.whl", hash = "sha256:0100b19f230df72c90fdb36db59d3f39232391e8d89616a7de30f677da4f532b", size = 215608, upload-time = "2025-08-04T00:34:25.437Z" },
    { url = "https://files.pythonhosted.org/packages/bb/a0/c92d85948056ddc397b72a3d79d36d9579c53cb25393ed3c40db7d33b193/coverage-7.10.2-cp314-cp314-manylinux1_i686.manylinux_2_28_i686.manylinux_2_5_i686.whl", hash = "sha256:9c1cd71483ea78331bdfadb8dcec4f4edfb73c7002c1206d8e0af6797853f5be", size = 246111, upload-time = "2025-08-04T00:34:26.857Z" },
    { url = "https://files.pythonhosted.org/packages/c2/cf/d695cf86b2559aadd072c91720a7844be4fb82cb4a3b642a2c6ce075692d/coverage-7.10.2-cp314-cp314-manylinux1_x86_64.manylinux_2_28_x86_64.manylinux_2_5_x86_64.whl", hash = "sha256:9f75dbf4899e29a37d74f48342f29279391668ef625fdac6d2f67363518056a1", size = 248419, upload-time = "2025-08-04T00:34:28.726Z" },
    { url = "https://files.pythonhosted.org/packages/ce/0a/03206aec4a05986e039418c038470d874045f6e00426b0c3879adc1f9251/coverage-7.10.2-cp314-cp314-manylinux2014_aarch64.manylinux_2_17_aarch64.manylinux_2_28_aarch64.whl", hash = "sha256:a7df481e7508de1c38b9b8043da48d94931aefa3e32b47dd20277e4978ed5b95", size = 250038, upload-time = "2025-08-04T00:34:30.061Z" },
    { url = "https://files.pythonhosted.org/packages/ab/9b/b3bd6bd52118c12bc4cf319f5baba65009c9beea84e665b6b9f03fa3f180/coverage-7.10.2-cp314-cp314-musllinux_1_2_aarch64.whl", hash = "sha256:835f39e618099325e7612b3406f57af30ab0a0af350490eff6421e2e5f608e46", size = 248066, upload-time = "2025-08-04T00:34:31.53Z" },
    { url = "https://files.pythonhosted.org/packages/80/cc/bfa92e261d3e055c851a073e87ba6a3bff12a1f7134233e48a8f7d855875/coverage-7.10.2-cp314-cp314-musllinux_1_2_i686.whl", hash = "sha256:12e52b5aa00aa720097d6947d2eb9e404e7c1101ad775f9661ba165ed0a28303", size = 245909, upload-time = "2025-08-04T00:34:32.943Z" },
    { url = "https://files.pythonhosted.org/packages/12/80/c8df15db4847710c72084164f615ae900af1ec380dce7f74a5678ccdf5e1/coverage-7.10.2-cp314-cp314-musllinux_1_2_x86_64.whl", hash = "sha256:718044729bf1fe3e9eb9f31b52e44ddae07e434ec050c8c628bf5adc56fe4bdd", size = 247329, upload-time = "2025-08-04T00:34:34.388Z" },
    { url = "https://files.pythonhosted.org/packages/04/6f/cb66e1f7124d5dd9ced69f889f02931419cb448125e44a89a13f4e036124/coverage-7.10.2-cp314-cp314-win32.whl", hash = "sha256:f256173b48cc68486299d510a3e729a96e62c889703807482dbf56946befb5c8", size = 218007, upload-time = "2025-08-04T00:34:35.846Z" },
    { url = "https://files.pythonhosted.org/packages/8c/e1/3d4be307278ce32c1b9d95cc02ee60d54ddab784036101d053ec9e4fe7f5/coverage-7.10.2-cp314-cp314-win_amd64.whl", hash = "sha256:2e980e4179f33d9b65ac4acb86c9c0dde904098853f27f289766657ed16e07b3", size = 218802, upload-time = "2025-08-04T00:34:37.35Z" },
    { url = "https://files.pythonhosted.org/packages/ec/66/1e43bbeb66c55a5a5efec70f1c153cf90cfc7f1662ab4ebe2d844de9122c/coverage-7.10.2-cp314-cp314-win_arm64.whl", hash = "sha256:14fb5b6641ab5b3c4161572579f0f2ea8834f9d3af2f7dd8fbaecd58ef9175cc", size = 217397, upload-time = "2025-08-04T00:34:39.15Z" },
    { url = "https://files.pythonhosted.org/packages/81/01/ae29c129217f6110dc694a217475b8aecbb1b075d8073401f868c825fa99/coverage-7.10.2-cp314-cp314t-macosx_10_13_x86_64.whl", hash = "sha256:e96649ac34a3d0e6491e82a2af71098e43be2874b619547c3282fc11d3840a4b", size = 216068, upload-time = "2025-08-04T00:34:40.648Z" },
    { url = "https://files.pythonhosted.org/packages/a2/50/6e9221d4139f357258f36dfa1d8cac4ec56d9d5acf5fdcc909bb016954d7/coverage-7.10.2-cp314-cp314t-macosx_11_0_arm64.whl", hash = "sha256:1a2e934e9da26341d342d30bfe91422bbfdb3f1f069ec87f19b2909d10d8dcc4", size = 216285, upload-time = "2025-08-04T00:34:42.441Z" },
    { url = "https://files.pythonhosted.org/packages/eb/ec/89d1d0c0ece0d296b4588e0ef4df185200456d42a47f1141335f482c2fc5/coverage-7.10.2-cp314-cp314t-manylinux1_i686.manylinux_2_28_i686.manylinux_2_5_i686.whl", hash = "sha256:651015dcd5fd9b5a51ca79ece60d353cacc5beaf304db750407b29c89f72fe2b", size = 257603, upload-time = "2025-08-04T00:34:43.899Z" },
    { url = "https://files.pythonhosted.org/packages/82/06/c830af66734671c778fc49d35b58339e8f0687fbd2ae285c3f96c94da092/coverage-7.10.2-cp314-cp314t-manylinux1_x86_64.manylinux_2_28_x86_64.manylinux_2_5_x86_64.whl", hash = "sha256:81bf6a32212f9f66da03d63ecb9cd9bd48e662050a937db7199dbf47d19831de", size = 259568, upload-time = "2025-08-04T00:34:45.519Z" },
    { url = "https://files.pythonhosted.org/packages/60/57/f280dd6f1c556ecc744fbf39e835c33d3ae987d040d64d61c6f821e87829/coverage-7.10.2-cp314-cp314t-manylinux2014_aarch64.manylinux_2_17_aarch64.manylinux_2_28_aarch64.whl", hash = "sha256:d800705f6951f75a905ea6feb03fff8f3ea3468b81e7563373ddc29aa3e5d1ca", size = 261691, upload-time = "2025-08-04T00:34:47.019Z" },
    { url = "https://files.pythonhosted.org/packages/54/2b/c63a0acbd19d99ec32326164c23df3a4e18984fb86e902afdd66ff7b3d83/coverage-7.10.2-cp314-cp314t-musllinux_1_2_aarch64.whl", hash = "sha256:248b5394718e10d067354448dc406d651709c6765669679311170da18e0e9af8", size = 259166, upload-time = "2025-08-04T00:34:48.792Z" },
    { url = "https://files.pythonhosted.org/packages/fd/c5/cd2997dcfcbf0683634da9df52d3967bc1f1741c1475dd0e4722012ba9ef/coverage-7.10.2-cp314-cp314t-musllinux_1_2_i686.whl", hash = "sha256:5c61675a922b569137cf943770d7ad3edd0202d992ce53ac328c5ff68213ccf4", size = 257241, upload-time = "2025-08-04T00:34:51.038Z" },
    { url = "https://files.pythonhosted.org/packages/16/26/c9e30f82fdad8d47aee90af4978b18c88fa74369ae0f0ba0dbf08cee3a80/coverage-7.10.2-cp314-cp314t-musllinux_1_2_x86_64.whl", hash = "sha256:52d708b5fd65589461381fa442d9905f5903d76c086c6a4108e8e9efdca7a7ed", size = 258139, upload-time = "2025-08-04T00:34:52.533Z" },
    { url = "https://files.pythonhosted.org/packages/c9/99/bdb7bd00bebcd3dedfb895fa9af8e46b91422993e4a37ac634a5f1113790/coverage-7.10.2-cp314-cp314t-win32.whl", hash = "sha256:916369b3b914186b2c5e5ad2f7264b02cff5df96cdd7cdad65dccd39aa5fd9f0", size = 218809, upload-time = "2025-08-04T00:34:54.075Z" },
    { url = "https://files.pythonhosted.org/packages/eb/5e/56a7852e38a04d1520dda4dfbfbf74a3d6dec932c20526968f7444763567/coverage-7.10.2-cp314-cp314t-win_amd64.whl", hash = "sha256:5b9d538e8e04916a5df63052d698b30c74eb0174f2ca9cd942c981f274a18eaf", size = 219926, upload-time = "2025-08-04T00:34:55.643Z" },
    { url = "https://files.pythonhosted.org/packages/e0/12/7fbe6b9c52bb9d627e9556f9f2edfdbe88b315e084cdecc9afead0c3b36a/coverage-7.10.2-cp314-cp314t-win_arm64.whl", hash = "sha256:04c74f9ef1f925456a9fd23a7eef1103126186d0500ef9a0acb0bd2514bdc7cc", size = 217925, upload-time = "2025-08-04T00:34:57.564Z" },
    { url = "https://files.pythonhosted.org/packages/18/d8/9b768ac73a8ac2d10c080af23937212434a958c8d2a1c84e89b450237942/coverage-7.10.2-py3-none-any.whl", hash = "sha256:95db3750dd2e6e93d99fa2498f3a1580581e49c494bddccc6f85c5c21604921f", size = 206973, upload-time = "2025-08-04T00:35:15.918Z" },
]

[[package]]
name = "fastapi"
version = "0.116.1"
source = { registry = "https://pypi.org/simple" }
dependencies = [
    { name = "pydantic" },
    { name = "starlette" },
    { name = "typing-extensions" },
]
sdist = { url = "https://files.pythonhosted.org/packages/78/d7/6c8b3bfe33eeffa208183ec037fee0cce9f7f024089ab1c5d12ef04bd27c/fastapi-0.116.1.tar.gz", hash = "sha256:ed52cbf946abfd70c5a0dccb24673f0670deeb517a88b3544d03c2a6bf283143", size = 296485, upload-time = "2025-07-11T16:22:32.057Z" }
wheels = [
    { url = "https://files.pythonhosted.org/packages/e5/47/d63c60f59a59467fda0f93f46335c9d18526d7071f025cb5b89d5353ea42/fastapi-0.116.1-py3-none-any.whl", hash = "sha256:c46ac7c312df840f0c9e220f7964bada936781bc4e2e6eb71f1c4d7553786565", size = 95631, upload-time = "2025-07-11T16:22:30.485Z" },
]

[[package]]
name = "fastapi-app"
version = "0.1.0"
source = { editable = "." }
dependencies = [
    { name = "fastapi" },
    { name = "httpx" },
    { name = "pydantic" },
    { name = "python-multipart" },
    { name = "uvicorn" },
]

[package.dev-dependencies]
dev = [
    { name = "pytest" },
    { name = "pytest-asyncio" },
    { name = "pytest-cov" },
]

[package.metadata]
requires-dist = [
    { name = "fastapi", specifier = "==0.116.1" },
    { name = "httpx", specifier = "==0.27.0" },
    { name = "pydantic", specifier = "==2.8.2" },
    { name = "python-multipart", specifier = "==0.0.9" },
    { name = "uvicorn", specifier = "==0.35.0" },
]

[package.metadata.requires-dev]
dev = [
    { name = "pytest", specifier = ">=8.4.1" },
    { name = "pytest-asyncio", specifier = ">=1.1.0" },
    { name = "pytest-cov", specifier = ">=6.2.1" },
]

[[package]]
name = "h11"
version = "0.16.0"
source = { registry = "https://pypi.org/simple" }
sdist = { url = "https://files.pythonhosted.org/packages/01/ee/02a2c011bdab74c6fb3c75474d40b3052059d95df7e73351460c8588d963/h11-0.16.0.tar.gz", hash = "sha256:4e35b956cf45792e4caa5885e69fba00bdbc6ffafbfa020300e549b208ee5ff1", size = 101250, upload-time = "2025-04-24T03:35:25.427Z" }
wheels = [
    { url = "https://files.pythonhosted.org/packages/04/4b/29cac41a4d98d144bf5f6d33995617b185d14b22401f75ca86f384e87ff1/h11-0.16.0-py3-none-any.whl", hash = "sha256:63cf8bbe7522de3bf65932fda1d9c2772064ffb3dae62d55932da54b31cb6c86", size = 37515, upload-time = "2025-04-24T03:35:24.344Z" },
]

[[package]]
name = "httpcore"
version = "1.0.9"
source = { registry = "https://pypi.org/simple" }
dependencies = [
    { name = "certifi" },
    { name = "h11" },
]
sdist = { url = "https://files.pythonhosted.org/packages/06/94/82699a10bca87a5556c9c59b5963f2d039dbd239f25bc2a63907a05a14cb/httpcore-1.0.9.tar.gz", hash = "sha256:6e34463af53fd2ab5d807f399a9b45ea31c3dfa2276f15a2c3f00afff6e176e8", size = 85484, upload-time = "2025-04-24T22:06:22.219Z" }
wheels = [
    { url = "https://files.pythonhosted.org/packages/7e/f5/f66802a942d491edb555dd61e3a9961140fd64c90bce1eafd741609d334d/httpcore-1.0.9-py3-none-any.whl", hash = "sha256:2d400746a40668fc9dec9810239072b40b4484b640a8c38fd654a024c7a1bf55", size = 78784, upload-time = "2025-04-24T22:06:20.566Z" },
]

[[package]]
name = "httpx"
version = "0.27.0"
source = { registry = "https://pypi.org/simple" }
dependencies = [
    { name = "anyio" },
    { name = "certifi" },
    { name = "httpcore" },
    { name = "idna" },
    { name = "sniffio" },
]
sdist = { url = "https://files.pythonhosted.org/packages/5c/2d/3da5bdf4408b8b2800061c339f240c1802f2e82d55e50bd39c5a881f47f0/httpx-0.27.0.tar.gz", hash = "sha256:a0cb88a46f32dc874e04ee956e4c2764aba2aa228f650b06788ba6bda2962ab5", size = 126413, upload-time = "2024-02-21T13:07:52.434Z" }
wheels = [
    { url = "https://files.pythonhosted.org/packages/41/7b/ddacf6dcebb42466abd03f368782142baa82e08fc0c1f8eaa05b4bae87d5/httpx-0.27.0-py3-none-any.whl", hash = "sha256:71d5465162c13681bff01ad59b2cc68dd838ea1f10e51574bac27103f00c91a5", size = 75590, upload-time = "2024-02-21T13:07:50.455Z" },
]

[[package]]
name = "idna"
version = "3.10"
source = { registry = "https://pypi.org/simple" }
sdist = { url = "https://files.pythonhosted.org/packages/f1/70/7703c29685631f5a7590aa73f1f1d3fa9a380e654b86af429e0934a32f7d/idna-3.10.tar.gz", hash = "sha256:12f65c9b470abda6dc35cf8e63cc574b1c52b11df2c86030af0ac09b01b13ea9", size = 190490, upload-time = "2024-09-15T18:07:39.745Z" }
wheels = [
    { url = "https://files.pythonhosted.org/packages/76/c6/c88e154df9c4e1a2a66ccf0005a88dfb2650c1dffb6f5ce603dfbd452ce3/idna-3.10-py3-none-any.whl", hash = "sha256:946d195a0d259cbba61165e88e65941f16e9b36ea6ddb97f00452bae8b1287d3", size = 70442, upload-time = "2024-09-15T18:07:37.964Z" },
]

[[package]]
name = "iniconfig"
version = "2.1.0"
source = { registry = "https://pypi.org/simple" }
sdist = { url = "https://files.pythonhosted.org/packages/f2/97/ebf4da567aa6827c909642694d71c9fcf53e5b504f2d96afea02718862f3/iniconfig-2.1.0.tar.gz", hash = "sha256:3abbd2e30b36733fee78f9c7f7308f2d0050e88f0087fd25c2645f63c773e1c7", size = 4793, upload-time = "2025-03-19T20:09:59.721Z" }
wheels = [
    { url = "https://files.pythonhosted.org/packages/2c/e1/e6716421ea10d38022b952c159d5161ca1193197fb744506875fbb87ea7b/iniconfig-2.1.0-py3-none-any.whl", hash = "sha256:9deba5723312380e77435581c6bf4935c94cbfab9b1ed33ef8d238ea168eb760", size = 6050, upload-time = "2025-03-19T20:10:01.071Z" },
]

[[package]]
name = "packaging"
version = "25.0"
source = { registry = "https://pypi.org/simple" }
sdist = { url = "https://files.pythonhosted.org/packages/a1/d4/1fc4078c65507b51b96ca8f8c3ba19e6a61c8253c72794544580a7b6c24d/packaging-25.0.tar.gz", hash = "sha256:d443872c98d677bf60f6a1f2f8c1cb748e8fe762d2bf9d3148b5599295b0fc4f", size = 165727, upload-time = "2025-04-19T11:48:59.673Z" }
wheels = [
    { url = "https://files.pythonhosted.org/packages/20/12/38679034af332785aac8774540895e234f4d07f7545804097de4b666afd8/packaging-25.0-py3-none-any.whl", hash = "sha256:29572ef2b1f17581046b3a2227d5c611fb25ec70ca1ba8554b24b0e69331a484", size = 66469, upload-time = "2025-04-19T11:48:57.875Z" },
]

[[package]]
name = "pluggy"
version = "1.6.0"
source = { registry = "https://pypi.org/simple" }
sdist = { url = "https://files.pythonhosted.org/packages/f9/e2/3e91f31a7d2b083fe6ef3fa267035b518369d9511ffab804f839851d2779/pluggy-1.6.0.tar.gz", hash = "sha256:7dcc130b76258d33b90f61b658791dede3486c3e6bfb003ee5c9bfb396dd22f3", size = 69412, upload-time = "2025-05-15T12:30:07.975Z" }
wheels = [
    { url = "https://files.pythonhosted.org/packages/54/20/4d324d65cc6d9205fabedc306948156824eb9f0ee1633355a8f7ec5c66bf/pluggy-1.6.0-py3-none-any.whl", hash = "sha256:e920276dd6813095e9377c0bc5566d94c932c33b27a3e3945d8389c374dd4746", size = 20538, upload-time = "2025-05-15T12:30:06.134Z" },
]

[[package]]
name = "pydantic"
version = "2.8.2"
source = { registry = "https://pypi.org/simple" }
dependencies = [
    { name = "annotated-types" },
    { name = "pydantic-core" },
    { name = "typing-extensions" },
]
sdist = { url = "https://files.pythonhosted.org/packages/8c/99/d0a5dca411e0a017762258013ba9905cd6e7baa9a3fd1fe8b6529472902e/pydantic-2.8.2.tar.gz", hash = "sha256:6f62c13d067b0755ad1c21a34bdd06c0c12625a22b0fc09c6b149816604f7c2a", size = 739834, upload-time = "2024-07-04T02:59:49.416Z" }
wheels = [
    { url = "https://files.pythonhosted.org/packages/1f/fa/b7f815b8c9ad021c07f88875b601222ef5e70619391ade4a49234d12d278/pydantic-2.8.2-py3-none-any.whl", hash = "sha256:73ee9fddd406dc318b885c7a2eab8a6472b68b8fb5ba8150949fc3db939f23c8", size = 423875, upload-time = "2024-07-04T02:59:45.33Z" },
]

[[package]]
name = "pydantic-core"
version = "2.20.1"
source = { registry = "https://pypi.org/simple" }
dependencies = [
    { name = "typing-extensions" },
]
sdist = { url = "https://files.pythonhosted.org/packages/12/e3/0d5ad91211dba310f7ded335f4dad871172b9cc9ce204f5a56d76ccd6247/pydantic_core-2.20.1.tar.gz", hash = "sha256:26ca695eeee5f9f1aeeb211ffc12f10bcb6f71e2989988fda61dabd65db878d4", size = 388371, upload-time = "2024-07-03T17:04:13.963Z" }
wheels = [
    { url = "https://files.pythonhosted.org/packages/49/75/40b0e98b658fdba02a693b3bacb4c875a28bba87796c7b13975976597d8c/pydantic_core-2.20.1-cp313-cp313-macosx_10_12_x86_64.whl", hash = "sha256:0827505a5c87e8aa285dc31e9ec7f4a17c81a813d45f70b1d9164e03a813a686", size = 1838688, upload-time = "2024-07-03T17:01:46.508Z" },
    { url = "https://files.pythonhosted.org/packages/75/02/d8ba2d4a266591a6a623c68b331b96523d4b62ab82a951794e3ed8907390/pydantic_core-2.20.1-cp313-cp313-macosx_11_0_arm64.whl", hash = "sha256:19c0fa39fa154e7e0b7f82f88ef85faa2a4c23cc65aae2f5aea625e3c13c735a", size = 1768409, upload-time = "2024-07-03T17:01:49.013Z" },
    { url = "https://files.pythonhosted.org/packages/91/ae/25ecd9bc4ce4993e99a1a3c9ab111c082630c914260e129572fafed4ecc2/pydantic_core-2.20.1-cp313-cp313-manylinux_2_17_aarch64.manylinux2014_aarch64.whl", hash = "sha256:4aa223cd1e36b642092c326d694d8bf59b71ddddc94cdb752bbbb1c5c91d833b", size = 1789317, upload-time = "2024-07-03T17:01:51.78Z" },
    { url = "https://files.pythonhosted.org/packages/7a/80/72057580681cdbe55699c367963d9c661b569a1d39338b4f6239faf36cdc/pydantic_core-2.20.1-cp313-cp313-manylinux_2_17_armv7l.manylinux2014_armv7l.whl", hash = "sha256:c336a6d235522a62fef872c6295a42ecb0c4e1d0f1a3e500fe949415761b8a19", size = 1771949, upload-time = "2024-07-03T17:01:53.881Z" },
    { url = "https://files.pythonhosted.org/packages/a2/be/d9bbabc55b05019013180f141fcaf3b14dbe15ca7da550e95b60c321009a/pydantic_core-2.20.1-cp313-cp313-manylinux_2_17_ppc64le.manylinux2014_ppc64le.whl", hash = "sha256:7eb6a0587eded33aeefea9f916899d42b1799b7b14b8f8ff2753c0ac1741edac", size = 1974392, upload-time = "2024-07-03T17:01:56.005Z" },
    { url = "https://files.pythonhosted.org/packages/79/2d/7bcd938c6afb0f40293283f5f09988b61fb0a4f1d180abe7c23a2f665f8e/pydantic_core-2.20.1-cp313-cp313-manylinux_2_17_s390x.manylinux2014_s390x.whl", hash = "sha256:70c8daf4faca8da5a6d655f9af86faf6ec2e1768f4b8b9d0226c02f3d6209703", size = 2625565, upload-time = "2024-07-03T17:01:58.508Z" },
    { url = "https://files.pythonhosted.org/packages/ac/88/ca758e979457096008a4b16a064509028e3e092a1e85a5ed6c18ced8da88/pydantic_core-2.20.1-cp313-cp313-manylinux_2_17_x86_64.manylinux2014_x86_64.whl", hash = "sha256:e9fa4c9bf273ca41f940bceb86922a7667cd5bf90e95dbb157cbb8441008482c", size = 2098784, upload-time = "2024-07-03T17:02:01.13Z" },
    { url = "https://files.pythonhosted.org/packages/eb/de/2fad6d63c3c42e472e985acb12ec45b7f56e42e6f4cd6dfbc5e87ee8678c/pydantic_core-2.20.1-cp313-cp313-manylinux_2_5_i686.manylinux1_i686.whl", hash = "sha256:11b71d67b4725e7e2a9f6e9c0ac1239bbc0c48cce3dc59f98635efc57d6dac83", size = 1900198, upload-time = "2024-07-03T17:02:04.348Z" },
    { url = "https://files.pythonhosted.org/packages/fe/50/077c7f35b6488dc369a6d22993af3a37901e198630f38ac43391ca730f5b/pydantic_core-2.20.1-cp313-cp313-musllinux_1_1_aarch64.whl", hash = "sha256:270755f15174fb983890c49881e93f8f1b80f0b5e3a3cc1394a255706cabd203", size = 1968005, upload-time = "2024-07-03T17:02:06.737Z" },
    { url = "https://files.pythonhosted.org/packages/5d/1f/f378631574ead46d636b9a04a80ff878b9365d4b361b1905ef1667d4182a/pydantic_core-2.20.1-cp313-cp313-musllinux_1_1_x86_64.whl", hash = "sha256:c81131869240e3e568916ef4c307f8b99583efaa60a8112ef27a366eefba8ef0", size = 2118920, upload-time = "2024-07-03T17:02:09.976Z" },
    { url = "https://files.pythonhosted.org/packages/7a/ea/e4943f17df7a3031d709481fe4363d4624ae875a6409aec34c28c9e6cf59/pydantic_core-2.20.1-cp313-none-win32.whl", hash = "sha256:b91ced227c41aa29c672814f50dbb05ec93536abf8f43cd14ec9521ea09afe4e", size = 1717397, upload-time = "2024-07-03T17:02:12.495Z" },
    { url = "https://files.pythonhosted.org/packages/13/63/b95781763e8d84207025071c0cec16d921c0163c7a9033ae4b9a0e020dc7/pydantic_core-2.20.1-cp313-none-win_amd64.whl", hash = "sha256:65db0f2eefcaad1a3950f498aabb4875c8890438bc80b19362cf633b87a8ab20", size = 1898013, upload-time = "2024-07-03T17:02:15.157Z" },
]

[[package]]
name = "pygments"
version = "2.19.2"
source = { registry = "https://pypi.org/simple" }
sdist = { url = "https://files.pythonhosted.org/packages/b0/77/a5b8c569bf593b0140bde72ea885a803b82086995367bf2037de0159d924/pygments-2.19.2.tar.gz", hash = "sha256:636cb2477cec7f8952536970bc533bc43743542f70392ae026374600add5b887", size = 4968631, upload-time = "2025-06-21T13:39:12.283Z" }
wheels = [
    { url = "https://files.pythonhosted.org/packages/c7/21/705964c7812476f378728bdf590ca4b771ec72385c533964653c68e86bdc/pygments-2.19.2-py3-none-any.whl", hash = "sha256:86540386c03d588bb81d44bc3928634ff26449851e99741617ecb9037ee5ec0b", size = 1225217, upload-time = "2025-06-21T13:39:07.939Z" },
]

[[package]]
name = "pytest"
version = "8.4.1"
source = { registry = "https://pypi.org/simple" }
dependencies = [
    { name = "colorama", marker = "sys_platform == 'win32'" },
    { name = "iniconfig" },
    { name = "packaging" },
    { name = "pluggy" },
    { name = "pygments" },
]
sdist = { url = "https://files.pythonhosted.org/packages/08/ba/45911d754e8eba3d5a841a5ce61a65a685ff1798421ac054f85aa8747dfb/pytest-8.4.1.tar.gz", hash = "sha256:7c67fd69174877359ed9371ec3af8a3d2b04741818c51e5e99cc1742251fa93c", size = 1517714, upload-time = "2025-06-18T05:48:06.109Z" }
wheels = [
    { url = "https://files.pythonhosted.org/packages/29/16/c8a903f4c4dffe7a12843191437d7cd8e32751d5de349d45d3fe69544e87/pytest-8.4.1-py3-none-any.whl", hash = "sha256:539c70ba6fcead8e78eebbf1115e8b589e7565830d7d006a8723f19ac8a0afb7", size = 365474, upload-time = "2025-06-18T05:48:03.955Z" },
]

[[package]]
name = "pytest-asyncio"
version = "1.1.0"
source = { registry = "https://pypi.org/simple" }
dependencies = [
    { name = "pytest" },
]
sdist = { url = "https://files.pythonhosted.org/packages/4e/51/f8794af39eeb870e87a8c8068642fc07bce0c854d6865d7dd0f2a9d338c2/pytest_asyncio-1.1.0.tar.gz", hash = "sha256:796aa822981e01b68c12e4827b8697108f7205020f24b5793b3c41555dab68ea", size = 46652, upload-time = "2025-07-16T04:29:26.393Z" }
wheels = [
    { url = "https://files.pythonhosted.org/packages/c7/9d/bf86eddabf8c6c9cb1ea9a869d6873b46f105a5d292d3a6f7071f5b07935/pytest_asyncio-1.1.0-py3-none-any.whl", hash = "sha256:5fe2d69607b0bd75c656d1211f969cadba035030156745ee09e7d71740e58ecf", size = 15157, upload-time = "2025-07-16T04:29:24.929Z" },
]

[[package]]
name = "pytest-cov"
version = "6.2.1"
source = { registry = "https://pypi.org/simple" }
dependencies = [
    { name = "coverage" },
    { name = "pluggy" },
    { name = "pytest" },
]
sdist = { url = "https://files.pythonhosted.org/packages/18/99/668cade231f434aaa59bbfbf49469068d2ddd945000621d3d165d2e7dd7b/pytest_cov-6.2.1.tar.gz", hash = "sha256:25cc6cc0a5358204b8108ecedc51a9b57b34cc6b8c967cc2c01a4e00d8a67da2", size = 69432, upload-time = "2025-06-12T10:47:47.684Z" }
wheels = [
    { url = "https://files.pythonhosted.org/packages/bc/16/4ea354101abb1287856baa4af2732be351c7bee728065aed451b678153fd/pytest_cov-6.2.1-py3-none-any.whl", hash = "sha256:f5bc4c23f42f1cdd23c70b1dab1bbaef4fc505ba950d53e0081d0730dd7e86d5", size = 24644, upload-time = "2025-06-12T10:47:45.932Z" },
]

[[package]]
name = "python-multipart"
version = "0.0.9"
source = { registry = "https://pypi.org/simple" }
sdist = { url = "https://files.pythonhosted.org/packages/5c/0f/9c55ac6c84c0336e22a26fa84ca6c51d58d7ac3a2d78b0dfa8748826c883/python_multipart-0.0.9.tar.gz", hash = "sha256:03f54688c663f1b7977105f021043b0793151e4cb1c1a9d4a11fc13d622c4026", size = 31516, upload-time = "2024-02-10T13:32:04.684Z" }
wheels = [
    { url = "https://files.pythonhosted.org/packages/3d/47/444768600d9e0ebc82f8e347775d24aef8f6348cf00e9fa0e81910814e6d/python_multipart-0.0.9-py3-none-any.whl", hash = "sha256:97ca7b8ea7b05f977dc3849c3ba99d51689822fab725c3703af7c866a0c2b215", size = 22299, upload-time = "2024-02-10T13:32:02.969Z" },
]

[[package]]
name = "sniffio"
version = "1.3.1"
source = { registry = "https://pypi.org/simple" }
sdist = { url = "https://files.pythonhosted.org/packages/a2/87/a6771e1546d97e7e041b6ae58d80074f81b7d5121207425c964ddf5cfdbd/sniffio-1.3.1.tar.gz", hash = "sha256:f4324edc670a0f49750a81b895f35c3adb843cca46f0530f79fc1babb23789dc", size = 20372, upload-time = "2024-02-25T23:20:04.057Z" }
wheels = [
    { url = "https://files.pythonhosted.org/packages/e9/44/75a9c9421471a6c4805dbf2356f7c181a29c1879239abab1ea2cc8f38b40/sniffio-1.3.1-py3-none-any.whl", hash = "sha256:2f6da418d1f1e0fddd844478f41680e794e6051915791a034ff65e5f100525a2", size = 10235, upload-time = "2024-02-25T23:20:01.196Z" },
]

[[package]]
name = "starlette"
version = "0.47.2"
source = { registry = "https://pypi.org/simple" }
dependencies = [
    { name = "anyio" },
]
sdist = { url = "https://files.pythonhosted.org/packages/04/57/d062573f391d062710d4088fa1369428c38d51460ab6fedff920efef932e/starlette-0.47.2.tar.gz", hash = "sha256:6ae9aa5db235e4846decc1e7b79c4f346adf41e9777aebeb49dfd09bbd7023d8", size = 2583948, upload-time = "2025-07-20T17:31:58.522Z" }
wheels = [
    { url = "https://files.pythonhosted.org/packages/f7/1f/b876b1f83aef204198a42dc101613fefccb32258e5428b5f9259677864b4/starlette-0.47.2-py3-none-any.whl", hash = "sha256:c5847e96134e5c5371ee9fac6fdf1a67336d5815e09eb2a01fdb57a351ef915b", size = 72984, upload-time = "2025-07-20T17:31:56.738Z" },
]

[[package]]
name = "typing-extensions"
version = "4.14.1"
source = { registry = "https://pypi.org/simple" }
sdist = { url = "https://files.pythonhosted.org/packages/98/5a/da40306b885cc8c09109dc2e1abd358d5684b1425678151cdaed4731c822/typing_extensions-4.14.1.tar.gz", hash = "sha256:38b39f4aeeab64884ce9f74c94263ef78f3c22467c8724005483154c26648d36", size = 107673, upload-time = "2025-07-04T13:28:34.16Z" }
wheels = [
    { url = "https://files.pythonhosted.org/packages/b5/00/d631e67a838026495268c2f6884f3711a15a9a2a96cd244fdaea53b823fb/typing_extensions-4.14.1-py3-none-any.whl", hash = "sha256:d1e1e3b58374dc93031d6eda2420a48ea44a36c2b4766a4fdeb3710755731d76", size = 43906, upload-time = "2025-07-04T13:28:32.743Z" },
]

[[package]]
name = "uvicorn"
version = "0.35.0"
source = { registry = "https://pypi.org/simple" }
dependencies = [
    { name = "click" },
    { name = "h11" },
]
sdist = { url = "https://files.pythonhosted.org/packages/5e/42/e0e305207bb88c6b8d3061399c6a961ffe5fbb7e2aa63c9234df7259e9cd/uvicorn-0.35.0.tar.gz", hash = "sha256:bc662f087f7cf2ce11a1d7fd70b90c9f98ef2e2831556dd078d131b96cc94a01", size = 78473, upload-time = "2025-06-28T16:15:46.058Z" }
wheels = [
    { url = "https://files.pythonhosted.org/packages/d2/e2/dc81b1bd1dcfe91735810265e9d26bc8ec5da45b4c0f6237e286819194c3/uvicorn-0.35.0-py3-none-any.whl", hash = "sha256:197535216b25ff9b785e29a0b79199f55222193d47f820816e7da751e9bc8d4a", size = 66406, upload-time = "2025-06-28T16:15:44.816Z" },
]
